
Microsoft Visual Studio Solution File, Format Version 12.00
# Visual Studio Version 16
VisualStudioVersion = 16.0.29806.167
MinimumVisualStudioVersion = 10.0.40219.1
Project("{9A19103F-16F7-4668-BE54-9A1E7A4F7556}") = "Chroma", "Chroma\Chroma.csproj", "{CDA5EAE4-B4E5-4BC0-B1D5-1D51E95888F3}"
EndProject
Project("{9A19103F-16F7-4668-BE54-9A1E7A4F7556}") = "Chroma.Natives", "Chroma.Natives\Chroma.Natives.csproj", "{A1A33968-8944-4FD7-AF2F-99A712B5F3B1}"
EndProject
Project("{2150E333-8FDC-42A3-9474-1A3956D46DE8}") = "Chroma.Examples", "Chroma.Examples", "{8BB44FE3-1EFC-4C5C-9E25-767BB6CAF4B0}"
EndProject
Project("{9A19103F-16F7-4668-BE54-9A1E7A4F7556}") = "CustomHardwareCursor", "Chroma.Examples\CustomHardwareCursor\CustomHardwareCursor.csproj", "{BA07D909-77BA-4566-825F-AF392530ADFD}"
EndProject
Project("{9A19103F-16F7-4668-BE54-9A1E7A4F7556}") = "PrimitiveShapes", "Chroma.Examples\PrimitiveShapes\PrimitiveShapes.csproj", "{F45F1CDE-7E2B-4757-8422-AB91231CE1B0}"
EndProject
Project("{9A19103F-16F7-4668-BE54-9A1E7A4F7556}") = "Textures", "Chroma.Examples\Textures\Textures.csproj", "{62D6549C-D9F2-4EEA-8639-A79333E92417}"
EndProject
Project("{9A19103F-16F7-4668-BE54-9A1E7A4F7556}") = "RenderTargets", "Chroma.Examples\RenderTargets\RenderTargets.csproj", "{32DA7E87-0213-44BC-963F-A03D3898BEF1}"
EndProject
Project("{9A19103F-16F7-4668-BE54-9A1E7A4F7556}") = "Cameras", "Chroma.Examples\Cameras\Cameras.csproj", "{FC00BBBD-42FE-4FD0-8D87-F42917C0CA39}"
EndProject
Project("{9A19103F-16F7-4668-BE54-9A1E7A4F7556}") = "GlyphTransforms", "Chroma.Examples\GlyphTransforms\GlyphTransforms.csproj", "{ABE8F112-5A86-464A-BCE9-439D7BCC5435}"
EndProject
Project("{9A19103F-16F7-4668-BE54-9A1E7A4F7556}") = "PixelShaders", "Chroma.Examples\PixelShaders\PixelShaders.csproj", "{C95F18C9-09E3-444B-8AF6-F94060F03BDE}"
EndProject
Project("{9A19103F-16F7-4668-BE54-9A1E7A4F7556}") = "ParticleSystems", "Chroma.Examples\ParticleSystems\ParticleSystems.csproj", "{6CA88CD9-37B1-42E1-910A-47F2CA764133}"
EndProject
Project("{9A19103F-16F7-4668-BE54-9A1E7A4F7556}") = "Fonts", "Chroma.Examples\Fonts\Fonts.csproj", "{A4B3CF31-1B7A-4984-BA03-F88B1E9D0341}"
EndProject
Project("{9A19103F-16F7-4668-BE54-9A1E7A4F7556}") = "MusicAndSounds", "Chroma.Examples\MusicAndSounds\MusicAndSounds.csproj", "{119BCE63-FA75-4603-9EFA-111CCAFF2293}"
EndProject
Project("{9A19103F-16F7-4668-BE54-9A1E7A4F7556}") = "EmptyProject", "Chroma.Examples\EmptyProject\EmptyProject.csproj", "{0CCE0CB6-C51A-4F05-9482-572CBCDFECA5}"
EndProject
Project("{9A19103F-16F7-4668-BE54-9A1E7A4F7556}") = "WindowOperations", "Chroma.Examples\WindowOperations\WindowOperations.csproj", "{AE748D7C-8850-492A-8585-9D74D8E953EA}"
EndProject
Project("{9A19103F-16F7-4668-BE54-9A1E7A4F7556}") = "CustomContentProvider", "Chroma.Examples\CustomContentProvider\CustomContentProvider.csproj", "{31875E56-24C6-445C-8870-921B9FB0D3CE}"
EndProject
Project("{9A19103F-16F7-4668-BE54-9A1E7A4F7556}") = "TextInput", "Chroma.Examples\TextInput\TextInput.csproj", "{E9D97C3B-9256-401D-8F4A-0C530A513019}"
EndProject
Project("{9A19103F-16F7-4668-BE54-9A1E7A4F7556}") = "Clipboard", "Chroma.Examples\Clipboard\Clipboard.csproj", "{986C3503-3E09-48E2-90DD-C360FB3E7A70}"
EndProject
Project("{9A19103F-16F7-4668-BE54-9A1E7A4F7556}") = "DrawBatching", "Chroma.Examples\DrawBatching\DrawBatching.csproj", "{8CBECA3F-14FC-4778-A650-12AF7E4CF5C3}"
EndProject
Project("{9A19103F-16F7-4668-BE54-9A1E7A4F7556}") = "Scissors", "Chroma.Examples\Scissors\Scissors.csproj", "{6C10166B-B982-49E8-A38F-4573E657CBF9}"
EndProject
Project("{9A19103F-16F7-4668-BE54-9A1E7A4F7556}") = "Asynchronicity", "Chroma.Examples\Asynchronicity\Asynchronicity.csproj", "{6CBBF86D-1673-408F-8243-85338F029B21}"
EndProject
Project("{9A19103F-16F7-4668-BE54-9A1E7A4F7556}") = "FixedTimeStep", "Chroma.Examples\FixedTimeStep\FixedTimeStep.csproj", "{F31B1B70-3FD1-4B6D-B9B1-BFEC377025BD}"
EndProject
Project("{9A19103F-16F7-4668-BE54-9A1E7A4F7556}") = "Chroma.STB", "Chroma.STB\Chroma.STB.csproj", "{1557092B-43A9-4402-9DDA-5221A944A36D}"
EndProject
Project("{9A19103F-16F7-4668-BE54-9A1E7A4F7556}") = "RenderTransforms", "Chroma.Examples\RenderTransforms\RenderTransforms.csproj", "{A2821B3E-C7B4-4345-8ED8-65ACA8CC649F}"
EndProject
Project("{9A19103F-16F7-4668-BE54-9A1E7A4F7556}") = "Pong", "Chroma.Examples\Pong\Pong.csproj", "{BB3A7071-86D8-454B-97DC-162A7C88D89E}"
EndProject
Project("{9A19103F-16F7-4668-BE54-9A1E7A4F7556}") = "AudioRecording", "Chroma.Examples\AudioRecording\AudioRecording.csproj", "{A87AB6BE-D668-48C0-9596-BE405E27A5F7}"
EndProject
Project("{9A19103F-16F7-4668-BE54-9A1E7A4F7556}") = "GameController", "Chroma.Examples\GameController\GameController.csproj", "{E44961F8-6047-40A1-AC54-3A5EDDCFCDF9}"
EndProject
Project("{FAE04EC0-301F-11D3-BF4B-00C04F79EFBC}") = "ArbitraryGeometry", "Chroma.Examples\ArbitraryGeometry\ArbitraryGeometry.csproj", "{B5F25693-173B-4ED1-A28D-69290D628BCC}"
EndProject
Project("{FAE04EC0-301F-11D3-BF4B-00C04F79EFBC}") = "KeyboardInput", "Chroma.Examples\KeyboardInput\KeyboardInput.csproj", "{757673B2-C2A6-48FF-B61F-03A492CB6FF3}"
EndProject
Project("{FAE04EC0-301F-11D3-BF4B-00C04F79EFBC}") = "CellularAutomaton", "Chroma.Examples\CellularAutomaton\CellularAutomaton.csproj", "{5FB02F82-EFCA-438C-A692-03C2802C5EF6}"
EndProject
Project("{FAE04EC0-301F-11D3-BF4B-00C04F79EFBC}") = "LerpingCameras", "Chroma.Examples\LerpingCameras\LerpingCameras.csproj", "{E52503B3-FA1A-4A4F-B9EF-3D33C74B3902}"
EndProject
Project("{FAE04EC0-301F-11D3-BF4B-00C04F79EFBC}") = "BoingBall", "Chroma.Examples\BoingBall\BoingBall.csproj", "{09A31FE2-2455-4E12-96A8-D72676497808}"
EndProject
Project("{FAE04EC0-301F-11D3-BF4B-00C04F79EFBC}") = "Chroma.NALO", "Chroma.NALO\Chroma.NALO.csproj", "{74BB0494-E450-4FF6-89EF-2325CCCB1AF9}"
EndProject
Project("{FAE04EC0-301F-11D3-BF4B-00C04F79EFBC}") = "InstancedSoundPlayback", "Chroma.Examples\InstancedSoundPlayback\InstancedSoundPlayback.csproj", "{6F223B84-6B3F-4E39-AF62-18AFEFA01C2A}"
EndProject
Project("{FAE04EC0-301F-11D3-BF4B-00C04F79EFBC}") = "CallbackHooks", "Chroma.Examples\CallbackHooks\CallbackHooks.csproj", "{691CADA9-AEBA-4C5D-B289-F51817920175}"
EndProject
Project("{FAE04EC0-301F-11D3-BF4B-00C04F79EFBC}") = "ProgressFlag", "Chroma.Examples\ProgressFlag\ProgressFlag.csproj", "{3BD49336-6465-40AE-8631-1AD024C7178C}"
EndProject
Project("{FAE04EC0-301F-11D3-BF4B-00C04F79EFBC}") = "PixelShaders2", "Chroma.Examples\PixelShaders2\PixelShaders2.csproj", "{CB5E4317-4075-47C5-B097-3381DEA1D311}"
EndProject
Project("{2150E333-8FDC-42A3-9474-1A3956D46DE8}") = "Dependencies", "Dependencies", "{14BADE0D-C0CC-49C6-AFCC-B876B9E964D7}"
	ProjectSection(SolutionItems) = preProject
		Dependencies\build_natives = Dependencies\build_natives
		Dependencies\build_natives_linux = Dependencies\build_natives_linux
		Dependencies\build_natives_mingw = Dependencies\build_natives_mingw
		Dependencies\build_natives_osx = Dependencies\build_natives_osx
	EndProjectSection
EndProject
Project("{2150E333-8FDC-42A3-9474-1A3956D46DE8}") = "scripts", "scripts", "{E520164F-F501-4AD0-AB4A-54CAEA0F927F}"
	ProjectSection(SolutionItems) = preProject
		Dependencies\scripts\FindPackageHandleStandardArgs.cmake = Dependencies\scripts\FindPackageHandleStandardArgs.cmake
		Dependencies\scripts\FindSDL_sound.cmake = Dependencies\scripts\FindSDL_sound.cmake
		Dependencies\scripts\FindSDL2.cmake = Dependencies\scripts\FindSDL2.cmake
	EndProjectSection
EndProject
Project("{2150E333-8FDC-42A3-9474-1A3956D46DE8}") = "patches", "patches", "{E867A642-1F8F-4BD1-A135-3E352E60E7D2}"
	ProjectSection(SolutionItems) = preProject
		Dependencies\patches\SDL_sound.patch = Dependencies\patches\SDL_sound.patch
	EndProjectSection
EndProject
Project("{2150E333-8FDC-42A3-9474-1A3956D46DE8}") = "lib", "lib", "{4E142959-AB62-4716-A658-10CD6E747C1A}"
	ProjectSection(SolutionItems) = preProject
		Dependencies\lib\buildvars.sh = Dependencies\lib\buildvars.sh
	EndProjectSection
EndProject
Project("{FAE04EC0-301F-11D3-BF4B-00C04F79EFBC}") = "Chroma.GameTemplate", "Chroma.GameTemplate\Chroma.GameTemplate.csproj", "{2DBE15B6-563C-4CDB-91E0-DB03AB4A2589}"
EndProject
Project("{FAE04EC0-301F-11D3-BF4B-00C04F79EFBC}") = "UserBootHints", "Chroma.Examples\UserBootHints\UserBootHints.csproj", "{55448446-4D3D-4362-AB0D-64E8A695661F}"
EndProject
Global
	GlobalSection(SolutionConfigurationPlatforms) = preSolution
		Debug|Any CPU = Debug|Any CPU
		Release|Any CPU = Release|Any CPU
	EndGlobalSection
	GlobalSection(ProjectConfigurationPlatforms) = postSolution
		{CDA5EAE4-B4E5-4BC0-B1D5-1D51E95888F3}.Debug|Any CPU.ActiveCfg = Debug|Any CPU
		{CDA5EAE4-B4E5-4BC0-B1D5-1D51E95888F3}.Debug|Any CPU.Build.0 = Debug|Any CPU
		{CDA5EAE4-B4E5-4BC0-B1D5-1D51E95888F3}.Release|Any CPU.ActiveCfg = Release|Any CPU
		{CDA5EAE4-B4E5-4BC0-B1D5-1D51E95888F3}.Release|Any CPU.Build.0 = Release|Any CPU
		{A1A33968-8944-4FD7-AF2F-99A712B5F3B1}.Debug|Any CPU.ActiveCfg = Debug|Any CPU
		{A1A33968-8944-4FD7-AF2F-99A712B5F3B1}.Debug|Any CPU.Build.0 = Debug|Any CPU
		{A1A33968-8944-4FD7-AF2F-99A712B5F3B1}.Release|Any CPU.ActiveCfg = Release|Any CPU
		{A1A33968-8944-4FD7-AF2F-99A712B5F3B1}.Release|Any CPU.Build.0 = Release|Any CPU
		{BA07D909-77BA-4566-825F-AF392530ADFD}.Debug|Any CPU.ActiveCfg = Debug|Any CPU
		{BA07D909-77BA-4566-825F-AF392530ADFD}.Debug|Any CPU.Build.0 = Debug|Any CPU
		{BA07D909-77BA-4566-825F-AF392530ADFD}.Release|Any CPU.ActiveCfg = Release|Any CPU
		{BA07D909-77BA-4566-825F-AF392530ADFD}.Release|Any CPU.Build.0 = Release|Any CPU
		{F45F1CDE-7E2B-4757-8422-AB91231CE1B0}.Debug|Any CPU.ActiveCfg = Debug|Any CPU
		{F45F1CDE-7E2B-4757-8422-AB91231CE1B0}.Debug|Any CPU.Build.0 = Debug|Any CPU
		{F45F1CDE-7E2B-4757-8422-AB91231CE1B0}.Release|Any CPU.ActiveCfg = Release|Any CPU
		{F45F1CDE-7E2B-4757-8422-AB91231CE1B0}.Release|Any CPU.Build.0 = Release|Any CPU
		{62D6549C-D9F2-4EEA-8639-A79333E92417}.Debug|Any CPU.ActiveCfg = Debug|Any CPU
		{62D6549C-D9F2-4EEA-8639-A79333E92417}.Debug|Any CPU.Build.0 = Debug|Any CPU
		{62D6549C-D9F2-4EEA-8639-A79333E92417}.Release|Any CPU.ActiveCfg = Release|Any CPU
		{62D6549C-D9F2-4EEA-8639-A79333E92417}.Release|Any CPU.Build.0 = Release|Any CPU
		{32DA7E87-0213-44BC-963F-A03D3898BEF1}.Debug|Any CPU.ActiveCfg = Debug|Any CPU
		{32DA7E87-0213-44BC-963F-A03D3898BEF1}.Debug|Any CPU.Build.0 = Debug|Any CPU
		{32DA7E87-0213-44BC-963F-A03D3898BEF1}.Release|Any CPU.ActiveCfg = Release|Any CPU
		{32DA7E87-0213-44BC-963F-A03D3898BEF1}.Release|Any CPU.Build.0 = Release|Any CPU
		{FC00BBBD-42FE-4FD0-8D87-F42917C0CA39}.Debug|Any CPU.ActiveCfg = Debug|Any CPU
		{FC00BBBD-42FE-4FD0-8D87-F42917C0CA39}.Debug|Any CPU.Build.0 = Debug|Any CPU
		{FC00BBBD-42FE-4FD0-8D87-F42917C0CA39}.Release|Any CPU.ActiveCfg = Release|Any CPU
		{FC00BBBD-42FE-4FD0-8D87-F42917C0CA39}.Release|Any CPU.Build.0 = Release|Any CPU
		{ABE8F112-5A86-464A-BCE9-439D7BCC5435}.Debug|Any CPU.ActiveCfg = Debug|Any CPU
		{ABE8F112-5A86-464A-BCE9-439D7BCC5435}.Debug|Any CPU.Build.0 = Debug|Any CPU
		{ABE8F112-5A86-464A-BCE9-439D7BCC5435}.Release|Any CPU.ActiveCfg = Release|Any CPU
		{ABE8F112-5A86-464A-BCE9-439D7BCC5435}.Release|Any CPU.Build.0 = Release|Any CPU
		{C95F18C9-09E3-444B-8AF6-F94060F03BDE}.Debug|Any CPU.ActiveCfg = Debug|Any CPU
		{C95F18C9-09E3-444B-8AF6-F94060F03BDE}.Debug|Any CPU.Build.0 = Debug|Any CPU
		{C95F18C9-09E3-444B-8AF6-F94060F03BDE}.Release|Any CPU.ActiveCfg = Release|Any CPU
		{C95F18C9-09E3-444B-8AF6-F94060F03BDE}.Release|Any CPU.Build.0 = Release|Any CPU
		{6CA88CD9-37B1-42E1-910A-47F2CA764133}.Debug|Any CPU.ActiveCfg = Debug|Any CPU
		{6CA88CD9-37B1-42E1-910A-47F2CA764133}.Debug|Any CPU.Build.0 = Debug|Any CPU
		{6CA88CD9-37B1-42E1-910A-47F2CA764133}.Release|Any CPU.ActiveCfg = Release|Any CPU
		{6CA88CD9-37B1-42E1-910A-47F2CA764133}.Release|Any CPU.Build.0 = Release|Any CPU
		{A4B3CF31-1B7A-4984-BA03-F88B1E9D0341}.Debug|Any CPU.ActiveCfg = Debug|Any CPU
		{A4B3CF31-1B7A-4984-BA03-F88B1E9D0341}.Debug|Any CPU.Build.0 = Debug|Any CPU
		{A4B3CF31-1B7A-4984-BA03-F88B1E9D0341}.Release|Any CPU.ActiveCfg = Release|Any CPU
		{A4B3CF31-1B7A-4984-BA03-F88B1E9D0341}.Release|Any CPU.Build.0 = Release|Any CPU
		{119BCE63-FA75-4603-9EFA-111CCAFF2293}.Debug|Any CPU.ActiveCfg = Debug|Any CPU
		{119BCE63-FA75-4603-9EFA-111CCAFF2293}.Debug|Any CPU.Build.0 = Debug|Any CPU
		{119BCE63-FA75-4603-9EFA-111CCAFF2293}.Release|Any CPU.ActiveCfg = Release|Any CPU
		{119BCE63-FA75-4603-9EFA-111CCAFF2293}.Release|Any CPU.Build.0 = Release|Any CPU
		{0CCE0CB6-C51A-4F05-9482-572CBCDFECA5}.Debug|Any CPU.ActiveCfg = Debug|Any CPU
		{0CCE0CB6-C51A-4F05-9482-572CBCDFECA5}.Debug|Any CPU.Build.0 = Debug|Any CPU
		{0CCE0CB6-C51A-4F05-9482-572CBCDFECA5}.Release|Any CPU.ActiveCfg = Release|Any CPU
		{0CCE0CB6-C51A-4F05-9482-572CBCDFECA5}.Release|Any CPU.Build.0 = Release|Any CPU
		{AE748D7C-8850-492A-8585-9D74D8E953EA}.Debug|Any CPU.ActiveCfg = Debug|Any CPU
		{AE748D7C-8850-492A-8585-9D74D8E953EA}.Debug|Any CPU.Build.0 = Debug|Any CPU
		{AE748D7C-8850-492A-8585-9D74D8E953EA}.Release|Any CPU.ActiveCfg = Release|Any CPU
		{AE748D7C-8850-492A-8585-9D74D8E953EA}.Release|Any CPU.Build.0 = Release|Any CPU
		{31875E56-24C6-445C-8870-921B9FB0D3CE}.Debug|Any CPU.ActiveCfg = Debug|Any CPU
		{31875E56-24C6-445C-8870-921B9FB0D3CE}.Debug|Any CPU.Build.0 = Debug|Any CPU
		{31875E56-24C6-445C-8870-921B9FB0D3CE}.Release|Any CPU.ActiveCfg = Release|Any CPU
		{31875E56-24C6-445C-8870-921B9FB0D3CE}.Release|Any CPU.Build.0 = Release|Any CPU
		{E9D97C3B-9256-401D-8F4A-0C530A513019}.Debug|Any CPU.ActiveCfg = Debug|Any CPU
		{E9D97C3B-9256-401D-8F4A-0C530A513019}.Debug|Any CPU.Build.0 = Debug|Any CPU
		{E9D97C3B-9256-401D-8F4A-0C530A513019}.Release|Any CPU.ActiveCfg = Release|Any CPU
		{E9D97C3B-9256-401D-8F4A-0C530A513019}.Release|Any CPU.Build.0 = Release|Any CPU
		{986C3503-3E09-48E2-90DD-C360FB3E7A70}.Debug|Any CPU.ActiveCfg = Debug|Any CPU
		{986C3503-3E09-48E2-90DD-C360FB3E7A70}.Debug|Any CPU.Build.0 = Debug|Any CPU
		{986C3503-3E09-48E2-90DD-C360FB3E7A70}.Release|Any CPU.ActiveCfg = Release|Any CPU
		{986C3503-3E09-48E2-90DD-C360FB3E7A70}.Release|Any CPU.Build.0 = Release|Any CPU
		{8CBECA3F-14FC-4778-A650-12AF7E4CF5C3}.Debug|Any CPU.ActiveCfg = Debug|Any CPU
		{8CBECA3F-14FC-4778-A650-12AF7E4CF5C3}.Debug|Any CPU.Build.0 = Debug|Any CPU
		{8CBECA3F-14FC-4778-A650-12AF7E4CF5C3}.Release|Any CPU.ActiveCfg = Release|Any CPU
		{8CBECA3F-14FC-4778-A650-12AF7E4CF5C3}.Release|Any CPU.Build.0 = Release|Any CPU
		{6C10166B-B982-49E8-A38F-4573E657CBF9}.Debug|Any CPU.ActiveCfg = Debug|Any CPU
		{6C10166B-B982-49E8-A38F-4573E657CBF9}.Debug|Any CPU.Build.0 = Debug|Any CPU
		{6C10166B-B982-49E8-A38F-4573E657CBF9}.Release|Any CPU.ActiveCfg = Release|Any CPU
		{6C10166B-B982-49E8-A38F-4573E657CBF9}.Release|Any CPU.Build.0 = Release|Any CPU
		{6CBBF86D-1673-408F-8243-85338F029B21}.Debug|Any CPU.ActiveCfg = Debug|Any CPU
		{6CBBF86D-1673-408F-8243-85338F029B21}.Debug|Any CPU.Build.0 = Debug|Any CPU
		{6CBBF86D-1673-408F-8243-85338F029B21}.Release|Any CPU.ActiveCfg = Release|Any CPU
		{6CBBF86D-1673-408F-8243-85338F029B21}.Release|Any CPU.Build.0 = Release|Any CPU
		{F31B1B70-3FD1-4B6D-B9B1-BFEC377025BD}.Debug|Any CPU.ActiveCfg = Debug|Any CPU
		{F31B1B70-3FD1-4B6D-B9B1-BFEC377025BD}.Debug|Any CPU.Build.0 = Debug|Any CPU
		{F31B1B70-3FD1-4B6D-B9B1-BFEC377025BD}.Release|Any CPU.ActiveCfg = Release|Any CPU
		{F31B1B70-3FD1-4B6D-B9B1-BFEC377025BD}.Release|Any CPU.Build.0 = Release|Any CPU
		{1557092B-43A9-4402-9DDA-5221A944A36D}.Debug|Any CPU.ActiveCfg = Debug|Any CPU
		{1557092B-43A9-4402-9DDA-5221A944A36D}.Debug|Any CPU.Build.0 = Debug|Any CPU
		{1557092B-43A9-4402-9DDA-5221A944A36D}.Release|Any CPU.ActiveCfg = Release|Any CPU
		{1557092B-43A9-4402-9DDA-5221A944A36D}.Release|Any CPU.Build.0 = Release|Any CPU
		{A2821B3E-C7B4-4345-8ED8-65ACA8CC649F}.Debug|Any CPU.ActiveCfg = Debug|Any CPU
		{A2821B3E-C7B4-4345-8ED8-65ACA8CC649F}.Debug|Any CPU.Build.0 = Debug|Any CPU
		{A2821B3E-C7B4-4345-8ED8-65ACA8CC649F}.Release|Any CPU.ActiveCfg = Release|Any CPU
		{A2821B3E-C7B4-4345-8ED8-65ACA8CC649F}.Release|Any CPU.Build.0 = Release|Any CPU
		{BB3A7071-86D8-454B-97DC-162A7C88D89E}.Debug|Any CPU.ActiveCfg = Debug|Any CPU
		{BB3A7071-86D8-454B-97DC-162A7C88D89E}.Debug|Any CPU.Build.0 = Debug|Any CPU
		{BB3A7071-86D8-454B-97DC-162A7C88D89E}.Release|Any CPU.ActiveCfg = Release|Any CPU
		{BB3A7071-86D8-454B-97DC-162A7C88D89E}.Release|Any CPU.Build.0 = Release|Any CPU
		{A87AB6BE-D668-48C0-9596-BE405E27A5F7}.Debug|Any CPU.ActiveCfg = Debug|Any CPU
		{A87AB6BE-D668-48C0-9596-BE405E27A5F7}.Debug|Any CPU.Build.0 = Debug|Any CPU
		{A87AB6BE-D668-48C0-9596-BE405E27A5F7}.Release|Any CPU.ActiveCfg = Release|Any CPU
		{A87AB6BE-D668-48C0-9596-BE405E27A5F7}.Release|Any CPU.Build.0 = Release|Any CPU
		{E44961F8-6047-40A1-AC54-3A5EDDCFCDF9}.Debug|Any CPU.ActiveCfg = Debug|Any CPU
		{E44961F8-6047-40A1-AC54-3A5EDDCFCDF9}.Debug|Any CPU.Build.0 = Debug|Any CPU
		{E44961F8-6047-40A1-AC54-3A5EDDCFCDF9}.Release|Any CPU.ActiveCfg = Release|Any CPU
		{E44961F8-6047-40A1-AC54-3A5EDDCFCDF9}.Release|Any CPU.Build.0 = Release|Any CPU
		{B5F25693-173B-4ED1-A28D-69290D628BCC}.Debug|Any CPU.ActiveCfg = Debug|Any CPU
		{B5F25693-173B-4ED1-A28D-69290D628BCC}.Debug|Any CPU.Build.0 = Debug|Any CPU
		{B5F25693-173B-4ED1-A28D-69290D628BCC}.Release|Any CPU.ActiveCfg = Release|Any CPU
		{B5F25693-173B-4ED1-A28D-69290D628BCC}.Release|Any CPU.Build.0 = Release|Any CPU
		{757673B2-C2A6-48FF-B61F-03A492CB6FF3}.Debug|Any CPU.ActiveCfg = Debug|Any CPU
		{757673B2-C2A6-48FF-B61F-03A492CB6FF3}.Debug|Any CPU.Build.0 = Debug|Any CPU
		{757673B2-C2A6-48FF-B61F-03A492CB6FF3}.Release|Any CPU.ActiveCfg = Release|Any CPU
		{757673B2-C2A6-48FF-B61F-03A492CB6FF3}.Release|Any CPU.Build.0 = Release|Any CPU
		{5FB02F82-EFCA-438C-A692-03C2802C5EF6}.Debug|Any CPU.ActiveCfg = Debug|Any CPU
		{5FB02F82-EFCA-438C-A692-03C2802C5EF6}.Debug|Any CPU.Build.0 = Debug|Any CPU
		{5FB02F82-EFCA-438C-A692-03C2802C5EF6}.Release|Any CPU.ActiveCfg = Release|Any CPU
		{5FB02F82-EFCA-438C-A692-03C2802C5EF6}.Release|Any CPU.Build.0 = Release|Any CPU
		{E52503B3-FA1A-4A4F-B9EF-3D33C74B3902}.Debug|Any CPU.ActiveCfg = Debug|Any CPU
		{E52503B3-FA1A-4A4F-B9EF-3D33C74B3902}.Debug|Any CPU.Build.0 = Debug|Any CPU
		{E52503B3-FA1A-4A4F-B9EF-3D33C74B3902}.Release|Any CPU.ActiveCfg = Release|Any CPU
		{E52503B3-FA1A-4A4F-B9EF-3D33C74B3902}.Release|Any CPU.Build.0 = Release|Any CPU
		{09A31FE2-2455-4E12-96A8-D72676497808}.Debug|Any CPU.ActiveCfg = Debug|Any CPU
		{09A31FE2-2455-4E12-96A8-D72676497808}.Debug|Any CPU.Build.0 = Debug|Any CPU
		{09A31FE2-2455-4E12-96A8-D72676497808}.Release|Any CPU.ActiveCfg = Release|Any CPU
		{09A31FE2-2455-4E12-96A8-D72676497808}.Release|Any CPU.Build.0 = Release|Any CPU
		{74BB0494-E450-4FF6-89EF-2325CCCB1AF9}.Debug|Any CPU.ActiveCfg = Debug|Any CPU
		{74BB0494-E450-4FF6-89EF-2325CCCB1AF9}.Debug|Any CPU.Build.0 = Debug|Any CPU
		{74BB0494-E450-4FF6-89EF-2325CCCB1AF9}.Release|Any CPU.ActiveCfg = Release|Any CPU
		{74BB0494-E450-4FF6-89EF-2325CCCB1AF9}.Release|Any CPU.Build.0 = Release|Any CPU
		{6F223B84-6B3F-4E39-AF62-18AFEFA01C2A}.Debug|Any CPU.ActiveCfg = Debug|Any CPU
		{6F223B84-6B3F-4E39-AF62-18AFEFA01C2A}.Debug|Any CPU.Build.0 = Debug|Any CPU
		{6F223B84-6B3F-4E39-AF62-18AFEFA01C2A}.Release|Any CPU.ActiveCfg = Release|Any CPU
		{6F223B84-6B3F-4E39-AF62-18AFEFA01C2A}.Release|Any CPU.Build.0 = Release|Any CPU
		{691CADA9-AEBA-4C5D-B289-F51817920175}.Debug|Any CPU.ActiveCfg = Debug|Any CPU
		{691CADA9-AEBA-4C5D-B289-F51817920175}.Debug|Any CPU.Build.0 = Debug|Any CPU
		{691CADA9-AEBA-4C5D-B289-F51817920175}.Release|Any CPU.ActiveCfg = Release|Any CPU
		{691CADA9-AEBA-4C5D-B289-F51817920175}.Release|Any CPU.Build.0 = Release|Any CPU
		{3BD49336-6465-40AE-8631-1AD024C7178C}.Debug|Any CPU.ActiveCfg = Debug|Any CPU
		{3BD49336-6465-40AE-8631-1AD024C7178C}.Debug|Any CPU.Build.0 = Debug|Any CPU
		{3BD49336-6465-40AE-8631-1AD024C7178C}.Release|Any CPU.ActiveCfg = Release|Any CPU
		{3BD49336-6465-40AE-8631-1AD024C7178C}.Release|Any CPU.Build.0 = Release|Any CPU
		{CB5E4317-4075-47C5-B097-3381DEA1D311}.Debug|Any CPU.ActiveCfg = Debug|Any CPU
		{CB5E4317-4075-47C5-B097-3381DEA1D311}.Debug|Any CPU.Build.0 = Debug|Any CPU
		{CB5E4317-4075-47C5-B097-3381DEA1D311}.Release|Any CPU.ActiveCfg = Release|Any CPU
		{CB5E4317-4075-47C5-B097-3381DEA1D311}.Release|Any CPU.Build.0 = Release|Any CPU
		{2DBE15B6-563C-4CDB-91E0-DB03AB4A2589}.Debug|Any CPU.ActiveCfg = Debug|Any CPU
		{2DBE15B6-563C-4CDB-91E0-DB03AB4A2589}.Debug|Any CPU.Build.0 = Debug|Any CPU
		{2DBE15B6-563C-4CDB-91E0-DB03AB4A2589}.Release|Any CPU.ActiveCfg = Release|Any CPU
		{2DBE15B6-563C-4CDB-91E0-DB03AB4A2589}.Release|Any CPU.Build.0 = Release|Any CPU
		{55448446-4D3D-4362-AB0D-64E8A695661F}.Debug|Any CPU.ActiveCfg = Debug|Any CPU
		{55448446-4D3D-4362-AB0D-64E8A695661F}.Debug|Any CPU.Build.0 = Debug|Any CPU
		{55448446-4D3D-4362-AB0D-64E8A695661F}.Release|Any CPU.ActiveCfg = Release|Any CPU
		{55448446-4D3D-4362-AB0D-64E8A695661F}.Release|Any CPU.Build.0 = Release|Any CPU
	EndGlobalSection
	GlobalSection(SolutionProperties) = preSolution
		HideSolutionNode = FALSE
	EndGlobalSection
	GlobalSection(NestedProjects) = preSolution
		{BA07D909-77BA-4566-825F-AF392530ADFD} = {8BB44FE3-1EFC-4C5C-9E25-767BB6CAF4B0}
		{F45F1CDE-7E2B-4757-8422-AB91231CE1B0} = {8BB44FE3-1EFC-4C5C-9E25-767BB6CAF4B0}
		{62D6549C-D9F2-4EEA-8639-A79333E92417} = {8BB44FE3-1EFC-4C5C-9E25-767BB6CAF4B0}
		{32DA7E87-0213-44BC-963F-A03D3898BEF1} = {8BB44FE3-1EFC-4C5C-9E25-767BB6CAF4B0}
		{FC00BBBD-42FE-4FD0-8D87-F42917C0CA39} = {8BB44FE3-1EFC-4C5C-9E25-767BB6CAF4B0}
		{ABE8F112-5A86-464A-BCE9-439D7BCC5435} = {8BB44FE3-1EFC-4C5C-9E25-767BB6CAF4B0}
		{C95F18C9-09E3-444B-8AF6-F94060F03BDE} = {8BB44FE3-1EFC-4C5C-9E25-767BB6CAF4B0}
		{6CA88CD9-37B1-42E1-910A-47F2CA764133} = {8BB44FE3-1EFC-4C5C-9E25-767BB6CAF4B0}
		{A4B3CF31-1B7A-4984-BA03-F88B1E9D0341} = {8BB44FE3-1EFC-4C5C-9E25-767BB6CAF4B0}
		{119BCE63-FA75-4603-9EFA-111CCAFF2293} = {8BB44FE3-1EFC-4C5C-9E25-767BB6CAF4B0}
		{0CCE0CB6-C51A-4F05-9482-572CBCDFECA5} = {8BB44FE3-1EFC-4C5C-9E25-767BB6CAF4B0}
		{AE748D7C-8850-492A-8585-9D74D8E953EA} = {8BB44FE3-1EFC-4C5C-9E25-767BB6CAF4B0}
		{31875E56-24C6-445C-8870-921B9FB0D3CE} = {8BB44FE3-1EFC-4C5C-9E25-767BB6CAF4B0}
		{E9D97C3B-9256-401D-8F4A-0C530A513019} = {8BB44FE3-1EFC-4C5C-9E25-767BB6CAF4B0}
		{986C3503-3E09-48E2-90DD-C360FB3E7A70} = {8BB44FE3-1EFC-4C5C-9E25-767BB6CAF4B0}
		{8CBECA3F-14FC-4778-A650-12AF7E4CF5C3} = {8BB44FE3-1EFC-4C5C-9E25-767BB6CAF4B0}
		{6C10166B-B982-49E8-A38F-4573E657CBF9} = {8BB44FE3-1EFC-4C5C-9E25-767BB6CAF4B0}
		{6CBBF86D-1673-408F-8243-85338F029B21} = {8BB44FE3-1EFC-4C5C-9E25-767BB6CAF4B0}
		{F31B1B70-3FD1-4B6D-B9B1-BFEC377025BD} = {8BB44FE3-1EFC-4C5C-9E25-767BB6CAF4B0}
		{A2821B3E-C7B4-4345-8ED8-65ACA8CC649F} = {8BB44FE3-1EFC-4C5C-9E25-767BB6CAF4B0}
		{BB3A7071-86D8-454B-97DC-162A7C88D89E} = {8BB44FE3-1EFC-4C5C-9E25-767BB6CAF4B0}
		{A87AB6BE-D668-48C0-9596-BE405E27A5F7} = {8BB44FE3-1EFC-4C5C-9E25-767BB6CAF4B0}
		{E44961F8-6047-40A1-AC54-3A5EDDCFCDF9} = {8BB44FE3-1EFC-4C5C-9E25-767BB6CAF4B0}
		{B5F25693-173B-4ED1-A28D-69290D628BCC} = {8BB44FE3-1EFC-4C5C-9E25-767BB6CAF4B0}
		{757673B2-C2A6-48FF-B61F-03A492CB6FF3} = {8BB44FE3-1EFC-4C5C-9E25-767BB6CAF4B0}
		{5FB02F82-EFCA-438C-A692-03C2802C5EF6} = {8BB44FE3-1EFC-4C5C-9E25-767BB6CAF4B0}
		{E52503B3-FA1A-4A4F-B9EF-3D33C74B3902} = {8BB44FE3-1EFC-4C5C-9E25-767BB6CAF4B0}
		{09A31FE2-2455-4E12-96A8-D72676497808} = {8BB44FE3-1EFC-4C5C-9E25-767BB6CAF4B0}
		{6F223B84-6B3F-4E39-AF62-18AFEFA01C2A} = {8BB44FE3-1EFC-4C5C-9E25-767BB6CAF4B0}
		{691CADA9-AEBA-4C5D-B289-F51817920175} = {8BB44FE3-1EFC-4C5C-9E25-767BB6CAF4B0}
		{3BD49336-6465-40AE-8631-1AD024C7178C} = {8BB44FE3-1EFC-4C5C-9E25-767BB6CAF4B0}
		{CB5E4317-4075-47C5-B097-3381DEA1D311} = {8BB44FE3-1EFC-4C5C-9E25-767BB6CAF4B0}
		{E520164F-F501-4AD0-AB4A-54CAEA0F927F} = {14BADE0D-C0CC-49C6-AFCC-B876B9E964D7}
		{E867A642-1F8F-4BD1-A135-3E352E60E7D2} = {14BADE0D-C0CC-49C6-AFCC-B876B9E964D7}
		{4E142959-AB62-4716-A658-10CD6E747C1A} = {14BADE0D-C0CC-49C6-AFCC-B876B9E964D7}
		{55448446-4D3D-4362-AB0D-64E8A695661F} = {8BB44FE3-1EFC-4C5C-9E25-767BB6CAF4B0}
	EndGlobalSection
	GlobalSection(ExtensibilityGlobals) = postSolution
		SolutionGuid = {BD41D1A7-4878-4659-ADD4-D387313A77CA}
	EndGlobalSection
EndGlobal
