
Microsoft Visual Studio Solution File, Format Version 12.00
# Visual Studio Version 16
VisualStudioVersion = 16.0.29806.167
MinimumVisualStudioVersion = 10.0.40219.1
Project("{9A19103F-16F7-4668-BE54-9A1E7A4F7556}") = "Chroma", "Chroma\Chroma.csproj", "{CDA5EAE4-B4E5-4BC0-B1D5-1D51E95888F3}"
EndProject
Project("{9A19103F-16F7-4668-BE54-9A1E7A4F7556}") = "Chroma.Natives", "Chroma.Natives\Chroma.Natives.csproj", "{A1A33968-8944-4FD7-AF2F-99A712B5F3B1}"
EndProject
Project("{2150E333-8FDC-42A3-9474-1A3956D46DE8}") = "Chroma.Examples", "Chroma.Examples", "{8BB44FE3-1EFC-4C5C-9E25-767BB6CAF4B0}"
EndProject
Project("{9A19103F-16F7-4668-BE54-9A1E7A4F7556}") = "CustomHardwareCursor", "Chroma.Examples\CustomHardwareCursor\CustomHardwareCursor.csproj", "{BA07D909-77BA-4566-825F-AF392530ADFD}"
EndProject
Project("{9A19103F-16F7-4668-BE54-9A1E7A4F7556}") = "PrimitiveShapes", "Chroma.Examples\PrimitiveShapes\PrimitiveShapes.csproj", "{F45F1CDE-7E2B-4757-8422-AB91231CE1B0}"
EndProject
Project("{9A19103F-16F7-4668-BE54-9A1E7A4F7556}") = "Textures", "Chroma.Examples\Textures\Textures.csproj", "{62D6549C-D9F2-4EEA-8639-A79333E92417}"
EndProject
Project("{9A19103F-16F7-4668-BE54-9A1E7A4F7556}") = "RenderTargets", "Chroma.Examples\RenderTargets\RenderTargets.csproj", "{32DA7E87-0213-44BC-963F-A03D3898BEF1}"
EndProject
Project("{9A19103F-16F7-4668-BE54-9A1E7A4F7556}") = "Cameras", "Chroma.Examples\Cameras\Cameras.csproj", "{FC00BBBD-42FE-4FD0-8D87-F42917C0CA39}"
EndProject
Project("{9A19103F-16F7-4668-BE54-9A1E7A4F7556}") = "GlyphTransforms", "Chroma.Examples\GlyphTransforms\GlyphTransforms.csproj", "{ABE8F112-5A86-464A-BCE9-439D7BCC5435}"
EndProject
Project("{9A19103F-16F7-4668-BE54-9A1E7A4F7556}") = "XboxController", "Chroma.Examples\XboxController\XboxController.csproj", "{7BC5ECAF-9CAE-470F-99CD-696FC52FC98D}"
EndProject
Project("{9A19103F-16F7-4668-BE54-9A1E7A4F7556}") = "PixelShaders", "Chroma.Examples\PixelShaders\PixelShaders.csproj", "{C95F18C9-09E3-444B-8AF6-F94060F03BDE}"
EndProject
Project("{9A19103F-16F7-4668-BE54-9A1E7A4F7556}") = "ParticleSystems", "Chroma.Examples\ParticleSystems\ParticleSystems.csproj", "{6CA88CD9-37B1-42E1-910A-47F2CA764133}"
EndProject
Project("{9A19103F-16F7-4668-BE54-9A1E7A4F7556}") = "Fonts", "Chroma.Examples\Fonts\Fonts.csproj", "{A4B3CF31-1B7A-4984-BA03-F88B1E9D0341}"
EndProject
Project("{9A19103F-16F7-4668-BE54-9A1E7A4F7556}") = "MusicAndSounds", "Chroma.Examples\MusicAndSounds\MusicAndSounds.csproj", "{119BCE63-FA75-4603-9EFA-111CCAFF2293}"
EndProject
Project("{9A19103F-16F7-4668-BE54-9A1E7A4F7556}") = "EmptyProject", "Chroma.Examples\EmptyProject\EmptyProject.csproj", "{0CCE0CB6-C51A-4F05-9482-572CBCDFECA5}"
EndProject
Project("{9A19103F-16F7-4668-BE54-9A1E7A4F7556}") = "WindowOperations", "Chroma.Examples\WindowOperations\WindowOperations.csproj", "{AE748D7C-8850-492A-8585-9D74D8E953EA}"
EndProject
Project("{9A19103F-16F7-4668-BE54-9A1E7A4F7556}") = "CustomContentProvider", "Chroma.Examples\CustomContentProvider\CustomContentProvider.csproj", "{31875E56-24C6-445C-8870-921B9FB0D3CE}"
EndProject
Project("{9A19103F-16F7-4668-BE54-9A1E7A4F7556}") = "TextInput", "Chroma.Examples\TextInput\TextInput.csproj", "{E9D97C3B-9256-401D-8F4A-0C530A513019}"
EndProject
Project("{9A19103F-16F7-4668-BE54-9A1E7A4F7556}") = "Clipboard", "Chroma.Examples\Clipboard\Clipboard.csproj", "{986C3503-3E09-48E2-90DD-C360FB3E7A70}"
EndProject
Project("{9A19103F-16F7-4668-BE54-9A1E7A4F7556}") = "DrawBatching", "Chroma.Examples\DrawBatching\DrawBatching.csproj", "{8CBECA3F-14FC-4778-A650-12AF7E4CF5C3}"
EndProject
Project("{9A19103F-16F7-4668-BE54-9A1E7A4F7556}") = "Scissors", "Chroma.Examples\Scissors\Scissors.csproj", "{6C10166B-B982-49E8-A38F-4573E657CBF9}"
EndProject
Project("{9A19103F-16F7-4668-BE54-9A1E7A4F7556}") = "Asynchronicity", "Chroma.Examples\Asynchronicity\Asynchronicity.csproj", "{6CBBF86D-1673-408F-8243-85338F029B21}"
EndProject
Project("{9A19103F-16F7-4668-BE54-9A1E7A4F7556}") = "FixedTimeStep", "Chroma.Examples\FixedTimeStep\FixedTimeStep.csproj", "{F31B1B70-3FD1-4B6D-B9B1-BFEC377025BD}"
EndProject
Project("{9A19103F-16F7-4668-BE54-9A1E7A4F7556}") = "Chroma.STB", "Chroma.STB\Chroma.STB.csproj", "{1557092B-43A9-4402-9DDA-5221A944A36D}"
EndProject
Project("{9A19103F-16F7-4668-BE54-9A1E7A4F7556}") = "RenderTransforms", "Chroma.Examples\RenderTransforms\RenderTransforms.csproj", "{A2821B3E-C7B4-4345-8ED8-65ACA8CC649F}"
EndProject
Project("{9A19103F-16F7-4668-BE54-9A1E7A4F7556}") = "Pong", "Chroma.Examples\Pong\Pong.csproj", "{BB3A7071-86D8-454B-97DC-162A7C88D89E}"
EndProject
Project("{FAE04EC0-301F-11D3-BF4B-00C04F79EFBC}") = "AudioRecording", "Chroma.Examples\AudioRecording\AudioRecording.csproj", "{A87AB6BE-D668-48C0-9596-BE405E27A5F7}"
EndProject
Project("{2150E333-8FDC-42A3-9474-1A3956D46DE8}") = "Extensibility", "Extensibility", "{E1F88B24-ACD8-4863-8220-10C3E12B01AD}"
EndProject
Project("{FAE04EC0-301F-11D3-BF4B-00C04F79EFBC}") = "ExampleExtension", "Chroma.Examples\Extensibility\ExampleExtension\ExampleExtension.csproj", "{2D6B84A0-5BC4-4A9A-98C2-B4ED99B3A727}"
EndProject
Project("{FAE04EC0-301F-11D3-BF4B-00C04F79EFBC}") = "ExampleExtensionConsumer", "Chroma.Examples\Extensibility\ExampleExtensionConsumer\ExampleExtensionConsumer.csproj", "{1AE959A7-671D-4D6C-91AA-7B0ADBFD8D5D}"
EndProject
Global
	GlobalSection(SolutionConfigurationPlatforms) = preSolution
		Debug|Any CPU = Debug|Any CPU
		Release|Any CPU = Release|Any CPU
	EndGlobalSection
	GlobalSection(ProjectConfigurationPlatforms) = postSolution
		{CDA5EAE4-B4E5-4BC0-B1D5-1D51E95888F3}.Debug|Any CPU.ActiveCfg = Debug|Any CPU
		{CDA5EAE4-B4E5-4BC0-B1D5-1D51E95888F3}.Debug|Any CPU.Build.0 = Debug|Any CPU
		{CDA5EAE4-B4E5-4BC0-B1D5-1D51E95888F3}.Release|Any CPU.ActiveCfg = Release|Any CPU
		{CDA5EAE4-B4E5-4BC0-B1D5-1D51E95888F3}.Release|Any CPU.Build.0 = Release|Any CPU
		{A1A33968-8944-4FD7-AF2F-99A712B5F3B1}.Debug|Any CPU.ActiveCfg = Debug|Any CPU
		{A1A33968-8944-4FD7-AF2F-99A712B5F3B1}.Debug|Any CPU.Build.0 = Debug|Any CPU
		{A1A33968-8944-4FD7-AF2F-99A712B5F3B1}.Release|Any CPU.ActiveCfg = Release|Any CPU
		{A1A33968-8944-4FD7-AF2F-99A712B5F3B1}.Release|Any CPU.Build.0 = Release|Any CPU
		{BA07D909-77BA-4566-825F-AF392530ADFD}.Debug|Any CPU.ActiveCfg = Debug|Any CPU
		{BA07D909-77BA-4566-825F-AF392530ADFD}.Debug|Any CPU.Build.0 = Debug|Any CPU
		{BA07D909-77BA-4566-825F-AF392530ADFD}.Release|Any CPU.ActiveCfg = Release|Any CPU
		{BA07D909-77BA-4566-825F-AF392530ADFD}.Release|Any CPU.Build.0 = Release|Any CPU
		{F45F1CDE-7E2B-4757-8422-AB91231CE1B0}.Debug|Any CPU.ActiveCfg = Debug|Any CPU
		{F45F1CDE-7E2B-4757-8422-AB91231CE1B0}.Debug|Any CPU.Build.0 = Debug|Any CPU
		{F45F1CDE-7E2B-4757-8422-AB91231CE1B0}.Release|Any CPU.ActiveCfg = Release|Any CPU
		{F45F1CDE-7E2B-4757-8422-AB91231CE1B0}.Release|Any CPU.Build.0 = Release|Any CPU
		{62D6549C-D9F2-4EEA-8639-A79333E92417}.Debug|Any CPU.ActiveCfg = Debug|Any CPU
		{62D6549C-D9F2-4EEA-8639-A79333E92417}.Debug|Any CPU.Build.0 = Debug|Any CPU
		{62D6549C-D9F2-4EEA-8639-A79333E92417}.Release|Any CPU.ActiveCfg = Release|Any CPU
		{62D6549C-D9F2-4EEA-8639-A79333E92417}.Release|Any CPU.Build.0 = Release|Any CPU
		{32DA7E87-0213-44BC-963F-A03D3898BEF1}.Debug|Any CPU.ActiveCfg = Debug|Any CPU
		{32DA7E87-0213-44BC-963F-A03D3898BEF1}.Debug|Any CPU.Build.0 = Debug|Any CPU
		{32DA7E87-0213-44BC-963F-A03D3898BEF1}.Release|Any CPU.ActiveCfg = Release|Any CPU
		{32DA7E87-0213-44BC-963F-A03D3898BEF1}.Release|Any CPU.Build.0 = Release|Any CPU
		{FC00BBBD-42FE-4FD0-8D87-F42917C0CA39}.Debug|Any CPU.ActiveCfg = Debug|Any CPU
		{FC00BBBD-42FE-4FD0-8D87-F42917C0CA39}.Debug|Any CPU.Build.0 = Debug|Any CPU
		{FC00BBBD-42FE-4FD0-8D87-F42917C0CA39}.Release|Any CPU.ActiveCfg = Release|Any CPU
		{FC00BBBD-42FE-4FD0-8D87-F42917C0CA39}.Release|Any CPU.Build.0 = Release|Any CPU
		{ABE8F112-5A86-464A-BCE9-439D7BCC5435}.Debug|Any CPU.ActiveCfg = Debug|Any CPU
		{ABE8F112-5A86-464A-BCE9-439D7BCC5435}.Debug|Any CPU.Build.0 = Debug|Any CPU
		{ABE8F112-5A86-464A-BCE9-439D7BCC5435}.Release|Any CPU.ActiveCfg = Release|Any CPU
		{ABE8F112-5A86-464A-BCE9-439D7BCC5435}.Release|Any CPU.Build.0 = Release|Any CPU
		{7BC5ECAF-9CAE-470F-99CD-696FC52FC98D}.Debug|Any CPU.ActiveCfg = Debug|Any CPU
		{7BC5ECAF-9CAE-470F-99CD-696FC52FC98D}.Debug|Any CPU.Build.0 = Debug|Any CPU
		{7BC5ECAF-9CAE-470F-99CD-696FC52FC98D}.Release|Any CPU.ActiveCfg = Release|Any CPU
		{7BC5ECAF-9CAE-470F-99CD-696FC52FC98D}.Release|Any CPU.Build.0 = Release|Any CPU
		{C95F18C9-09E3-444B-8AF6-F94060F03BDE}.Debug|Any CPU.ActiveCfg = Debug|Any CPU
		{C95F18C9-09E3-444B-8AF6-F94060F03BDE}.Debug|Any CPU.Build.0 = Debug|Any CPU
		{C95F18C9-09E3-444B-8AF6-F94060F03BDE}.Release|Any CPU.ActiveCfg = Release|Any CPU
		{C95F18C9-09E3-444B-8AF6-F94060F03BDE}.Release|Any CPU.Build.0 = Release|Any CPU
		{6CA88CD9-37B1-42E1-910A-47F2CA764133}.Debug|Any CPU.ActiveCfg = Debug|Any CPU
		{6CA88CD9-37B1-42E1-910A-47F2CA764133}.Debug|Any CPU.Build.0 = Debug|Any CPU
		{6CA88CD9-37B1-42E1-910A-47F2CA764133}.Release|Any CPU.ActiveCfg = Release|Any CPU
		{6CA88CD9-37B1-42E1-910A-47F2CA764133}.Release|Any CPU.Build.0 = Release|Any CPU
		{A4B3CF31-1B7A-4984-BA03-F88B1E9D0341}.Debug|Any CPU.ActiveCfg = Debug|Any CPU
		{A4B3CF31-1B7A-4984-BA03-F88B1E9D0341}.Debug|Any CPU.Build.0 = Debug|Any CPU
		{A4B3CF31-1B7A-4984-BA03-F88B1E9D0341}.Release|Any CPU.ActiveCfg = Release|Any CPU
		{A4B3CF31-1B7A-4984-BA03-F88B1E9D0341}.Release|Any CPU.Build.0 = Release|Any CPU
		{119BCE63-FA75-4603-9EFA-111CCAFF2293}.Debug|Any CPU.ActiveCfg = Debug|Any CPU
		{119BCE63-FA75-4603-9EFA-111CCAFF2293}.Debug|Any CPU.Build.0 = Debug|Any CPU
		{119BCE63-FA75-4603-9EFA-111CCAFF2293}.Release|Any CPU.ActiveCfg = Release|Any CPU
		{119BCE63-FA75-4603-9EFA-111CCAFF2293}.Release|Any CPU.Build.0 = Release|Any CPU
		{0CCE0CB6-C51A-4F05-9482-572CBCDFECA5}.Debug|Any CPU.ActiveCfg = Debug|Any CPU
		{0CCE0CB6-C51A-4F05-9482-572CBCDFECA5}.Debug|Any CPU.Build.0 = Debug|Any CPU
		{0CCE0CB6-C51A-4F05-9482-572CBCDFECA5}.Release|Any CPU.ActiveCfg = Release|Any CPU
		{0CCE0CB6-C51A-4F05-9482-572CBCDFECA5}.Release|Any CPU.Build.0 = Release|Any CPU
		{AE748D7C-8850-492A-8585-9D74D8E953EA}.Debug|Any CPU.ActiveCfg = Debug|Any CPU
		{AE748D7C-8850-492A-8585-9D74D8E953EA}.Debug|Any CPU.Build.0 = Debug|Any CPU
		{AE748D7C-8850-492A-8585-9D74D8E953EA}.Release|Any CPU.ActiveCfg = Release|Any CPU
		{AE748D7C-8850-492A-8585-9D74D8E953EA}.Release|Any CPU.Build.0 = Release|Any CPU
		{31875E56-24C6-445C-8870-921B9FB0D3CE}.Debug|Any CPU.ActiveCfg = Debug|Any CPU
		{31875E56-24C6-445C-8870-921B9FB0D3CE}.Debug|Any CPU.Build.0 = Debug|Any CPU
		{31875E56-24C6-445C-8870-921B9FB0D3CE}.Release|Any CPU.ActiveCfg = Release|Any CPU
		{31875E56-24C6-445C-8870-921B9FB0D3CE}.Release|Any CPU.Build.0 = Release|Any CPU
		{E9D97C3B-9256-401D-8F4A-0C530A513019}.Debug|Any CPU.ActiveCfg = Debug|Any CPU
		{E9D97C3B-9256-401D-8F4A-0C530A513019}.Debug|Any CPU.Build.0 = Debug|Any CPU
		{E9D97C3B-9256-401D-8F4A-0C530A513019}.Release|Any CPU.ActiveCfg = Release|Any CPU
		{E9D97C3B-9256-401D-8F4A-0C530A513019}.Release|Any CPU.Build.0 = Release|Any CPU
		{986C3503-3E09-48E2-90DD-C360FB3E7A70}.Debug|Any CPU.ActiveCfg = Debug|Any CPU
		{986C3503-3E09-48E2-90DD-C360FB3E7A70}.Debug|Any CPU.Build.0 = Debug|Any CPU
		{986C3503-3E09-48E2-90DD-C360FB3E7A70}.Release|Any CPU.ActiveCfg = Release|Any CPU
		{986C3503-3E09-48E2-90DD-C360FB3E7A70}.Release|Any CPU.Build.0 = Release|Any CPU
		{8CBECA3F-14FC-4778-A650-12AF7E4CF5C3}.Debug|Any CPU.ActiveCfg = Debug|Any CPU
		{8CBECA3F-14FC-4778-A650-12AF7E4CF5C3}.Debug|Any CPU.Build.0 = Debug|Any CPU
		{8CBECA3F-14FC-4778-A650-12AF7E4CF5C3}.Release|Any CPU.ActiveCfg = Release|Any CPU
		{8CBECA3F-14FC-4778-A650-12AF7E4CF5C3}.Release|Any CPU.Build.0 = Release|Any CPU
		{6C10166B-B982-49E8-A38F-4573E657CBF9}.Debug|Any CPU.ActiveCfg = Debug|Any CPU
		{6C10166B-B982-49E8-A38F-4573E657CBF9}.Debug|Any CPU.Build.0 = Debug|Any CPU
		{6C10166B-B982-49E8-A38F-4573E657CBF9}.Release|Any CPU.ActiveCfg = Release|Any CPU
		{6C10166B-B982-49E8-A38F-4573E657CBF9}.Release|Any CPU.Build.0 = Release|Any CPU
		{6CBBF86D-1673-408F-8243-85338F029B21}.Debug|Any CPU.ActiveCfg = Debug|Any CPU
		{6CBBF86D-1673-408F-8243-85338F029B21}.Debug|Any CPU.Build.0 = Debug|Any CPU
		{6CBBF86D-1673-408F-8243-85338F029B21}.Release|Any CPU.ActiveCfg = Release|Any CPU
		{6CBBF86D-1673-408F-8243-85338F029B21}.Release|Any CPU.Build.0 = Release|Any CPU
		{F31B1B70-3FD1-4B6D-B9B1-BFEC377025BD}.Debug|Any CPU.ActiveCfg = Debug|Any CPU
		{F31B1B70-3FD1-4B6D-B9B1-BFEC377025BD}.Debug|Any CPU.Build.0 = Debug|Any CPU
		{F31B1B70-3FD1-4B6D-B9B1-BFEC377025BD}.Release|Any CPU.ActiveCfg = Release|Any CPU
		{F31B1B70-3FD1-4B6D-B9B1-BFEC377025BD}.Release|Any CPU.Build.0 = Release|Any CPU
		{1557092B-43A9-4402-9DDA-5221A944A36D}.Debug|Any CPU.ActiveCfg = Debug|Any CPU
		{1557092B-43A9-4402-9DDA-5221A944A36D}.Debug|Any CPU.Build.0 = Debug|Any CPU
		{1557092B-43A9-4402-9DDA-5221A944A36D}.Release|Any CPU.ActiveCfg = Release|Any CPU
		{1557092B-43A9-4402-9DDA-5221A944A36D}.Release|Any CPU.Build.0 = Release|Any CPU
		{A2821B3E-C7B4-4345-8ED8-65ACA8CC649F}.Debug|Any CPU.ActiveCfg = Debug|Any CPU
		{A2821B3E-C7B4-4345-8ED8-65ACA8CC649F}.Debug|Any CPU.Build.0 = Debug|Any CPU
		{A2821B3E-C7B4-4345-8ED8-65ACA8CC649F}.Release|Any CPU.ActiveCfg = Release|Any CPU
		{A2821B3E-C7B4-4345-8ED8-65ACA8CC649F}.Release|Any CPU.Build.0 = Release|Any CPU
		{BB3A7071-86D8-454B-97DC-162A7C88D89E}.Debug|Any CPU.ActiveCfg = Debug|Any CPU
		{BB3A7071-86D8-454B-97DC-162A7C88D89E}.Debug|Any CPU.Build.0 = Debug|Any CPU
		{BB3A7071-86D8-454B-97DC-162A7C88D89E}.Release|Any CPU.ActiveCfg = Release|Any CPU
		{BB3A7071-86D8-454B-97DC-162A7C88D89E}.Release|Any CPU.Build.0 = Release|Any CPU
		{A87AB6BE-D668-48C0-9596-BE405E27A5F7}.Debug|Any CPU.ActiveCfg = Debug|Any CPU
		{A87AB6BE-D668-48C0-9596-BE405E27A5F7}.Debug|Any CPU.Build.0 = Debug|Any CPU
		{A87AB6BE-D668-48C0-9596-BE405E27A5F7}.Release|Any CPU.ActiveCfg = Release|Any CPU
		{A87AB6BE-D668-48C0-9596-BE405E27A5F7}.Release|Any CPU.Build.0 = Release|Any CPU
		{2D6B84A0-5BC4-4A9A-98C2-B4ED99B3A727}.Debug|Any CPU.ActiveCfg = Debug|Any CPU
		{2D6B84A0-5BC4-4A9A-98C2-B4ED99B3A727}.Debug|Any CPU.Build.0 = Debug|Any CPU
		{2D6B84A0-5BC4-4A9A-98C2-B4ED99B3A727}.Release|Any CPU.ActiveCfg = Release|Any CPU
		{2D6B84A0-5BC4-4A9A-98C2-B4ED99B3A727}.Release|Any CPU.Build.0 = Release|Any CPU
		{1AE959A7-671D-4D6C-91AA-7B0ADBFD8D5D}.Debug|Any CPU.ActiveCfg = Debug|Any CPU
		{1AE959A7-671D-4D6C-91AA-7B0ADBFD8D5D}.Debug|Any CPU.Build.0 = Debug|Any CPU
		{1AE959A7-671D-4D6C-91AA-7B0ADBFD8D5D}.Release|Any CPU.ActiveCfg = Release|Any CPU
		{1AE959A7-671D-4D6C-91AA-7B0ADBFD8D5D}.Release|Any CPU.Build.0 = Release|Any CPU
	EndGlobalSection
	GlobalSection(SolutionProperties) = preSolution
		HideSolutionNode = FALSE
	EndGlobalSection
	GlobalSection(NestedProjects) = preSolution
		{BA07D909-77BA-4566-825F-AF392530ADFD} = {8BB44FE3-1EFC-4C5C-9E25-767BB6CAF4B0}
		{F45F1CDE-7E2B-4757-8422-AB91231CE1B0} = {8BB44FE3-1EFC-4C5C-9E25-767BB6CAF4B0}
		{62D6549C-D9F2-4EEA-8639-A79333E92417} = {8BB44FE3-1EFC-4C5C-9E25-767BB6CAF4B0}
		{32DA7E87-0213-44BC-963F-A03D3898BEF1} = {8BB44FE3-1EFC-4C5C-9E25-767BB6CAF4B0}
		{FC00BBBD-42FE-4FD0-8D87-F42917C0CA39} = {8BB44FE3-1EFC-4C5C-9E25-767BB6CAF4B0}
		{ABE8F112-5A86-464A-BCE9-439D7BCC5435} = {8BB44FE3-1EFC-4C5C-9E25-767BB6CAF4B0}
		{7BC5ECAF-9CAE-470F-99CD-696FC52FC98D} = {8BB44FE3-1EFC-4C5C-9E25-767BB6CAF4B0}
		{C95F18C9-09E3-444B-8AF6-F94060F03BDE} = {8BB44FE3-1EFC-4C5C-9E25-767BB6CAF4B0}
		{6CA88CD9-37B1-42E1-910A-47F2CA764133} = {8BB44FE3-1EFC-4C5C-9E25-767BB6CAF4B0}
		{A4B3CF31-1B7A-4984-BA03-F88B1E9D0341} = {8BB44FE3-1EFC-4C5C-9E25-767BB6CAF4B0}
		{119BCE63-FA75-4603-9EFA-111CCAFF2293} = {8BB44FE3-1EFC-4C5C-9E25-767BB6CAF4B0}
		{0CCE0CB6-C51A-4F05-9482-572CBCDFECA5} = {8BB44FE3-1EFC-4C5C-9E25-767BB6CAF4B0}
		{AE748D7C-8850-492A-8585-9D74D8E953EA} = {8BB44FE3-1EFC-4C5C-9E25-767BB6CAF4B0}
		{31875E56-24C6-445C-8870-921B9FB0D3CE} = {8BB44FE3-1EFC-4C5C-9E25-767BB6CAF4B0}
		{E9D97C3B-9256-401D-8F4A-0C530A513019} = {8BB44FE3-1EFC-4C5C-9E25-767BB6CAF4B0}
		{986C3503-3E09-48E2-90DD-C360FB3E7A70} = {8BB44FE3-1EFC-4C5C-9E25-767BB6CAF4B0}
		{8CBECA3F-14FC-4778-A650-12AF7E4CF5C3} = {8BB44FE3-1EFC-4C5C-9E25-767BB6CAF4B0}
		{6C10166B-B982-49E8-A38F-4573E657CBF9} = {8BB44FE3-1EFC-4C5C-9E25-767BB6CAF4B0}
		{6CBBF86D-1673-408F-8243-85338F029B21} = {8BB44FE3-1EFC-4C5C-9E25-767BB6CAF4B0}
		{F31B1B70-3FD1-4B6D-B9B1-BFEC377025BD} = {8BB44FE3-1EFC-4C5C-9E25-767BB6CAF4B0}
		{A2821B3E-C7B4-4345-8ED8-65ACA8CC649F} = {8BB44FE3-1EFC-4C5C-9E25-767BB6CAF4B0}
		{BB3A7071-86D8-454B-97DC-162A7C88D89E} = {8BB44FE3-1EFC-4C5C-9E25-767BB6CAF4B0}
		{A87AB6BE-D668-48C0-9596-BE405E27A5F7} = {8BB44FE3-1EFC-4C5C-9E25-767BB6CAF4B0}
		{E1F88B24-ACD8-4863-8220-10C3E12B01AD} = {8BB44FE3-1EFC-4C5C-9E25-767BB6CAF4B0}
		{2D6B84A0-5BC4-4A9A-98C2-B4ED99B3A727} = {E1F88B24-ACD8-4863-8220-10C3E12B01AD}
		{1AE959A7-671D-4D6C-91AA-7B0ADBFD8D5D} = {E1F88B24-ACD8-4863-8220-10C3E12B01AD}
	EndGlobalSection
	GlobalSection(ExtensibilityGlobals) = postSolution
		SolutionGuid = {BD41D1A7-4878-4659-ADD4-D387313A77CA}
	EndGlobalSection
EndGlobal
